// !$*UTF8*$!
{
	archiveVersion = 1;
	classes = {
	};
	objectVersion = 46;
	objects = {

/* Begin PBXBuildFile section */
		AD1673D71A27E33E0046F347 /* AppDelegate.swift in Sources */ = {isa = PBXBuildFile; fileRef = AD1673D61A27E33E0046F347 /* AppDelegate.swift */; };
		AD1673DA1A27E33E0046F347 /* iOSSwiftMetalCamera.xcdatamodeld in Sources */ = {isa = PBXBuildFile; fileRef = AD1673D81A27E33E0046F347 /* iOSSwiftMetalCamera.xcdatamodeld */; };
		AD1673DC1A27E33E0046F347 /* CameraViewController.swift in Sources */ = {isa = PBXBuildFile; fileRef = AD1673DB1A27E33E0046F347 /* CameraViewController.swift */; };
		AD1673DF1A27E33E0046F347 /* Main.storyboard in Resources */ = {isa = PBXBuildFile; fileRef = AD1673DD1A27E33E0046F347 /* Main.storyboard */; };
		AD1673E11A27E33E0046F347 /* Images.xcassets in Resources */ = {isa = PBXBuildFile; fileRef = AD1673E01A27E33E0046F347 /* Images.xcassets */; };
		AD1673E41A27E33E0046F347 /* LaunchScreen.xib in Resources */ = {isa = PBXBuildFile; fileRef = AD1673E21A27E33E0046F347 /* LaunchScreen.xib */; };
		AD1673F01A27E33E0046F347 /* iOSSwiftMetalCameraTests.swift in Sources */ = {isa = PBXBuildFile; fileRef = AD1673EF1A27E33E0046F347 /* iOSSwiftMetalCameraTests.swift */; };
		AD1673FC1A27E50E0046F347 /* Vertex.swift in Sources */ = {isa = PBXBuildFile; fileRef = AD1673FB1A27E50E0046F347 /* Vertex.swift */; };
		AD1673FE1A27E5320046F347 /* Node.swift in Sources */ = {isa = PBXBuildFile; fileRef = AD1673FD1A27E5320046F347 /* Node.swift */; };
		AD1674001A27E5450046F347 /* Plane.swift in Sources */ = {isa = PBXBuildFile; fileRef = AD1673FF1A27E5450046F347 /* Plane.swift */; };
		AD1674021A27E59C0046F347 /* Basic.metal in Sources */ = {isa = PBXBuildFile; fileRef = AD1674011A27E59C0046F347 /* Basic.metal */; };
		AD1674041A27EAEB0046F347 /* CameraSessionController.swift in Sources */ = {isa = PBXBuildFile; fileRef = AD1674031A27EAEB0046F347 /* CameraSessionController.swift */; };
		AD63780F1A2956DB00E631CA /* METLTexture.m in Sources */ = {isa = PBXBuildFile; fileRef = AD63780E1A2956DB00E631CA /* METLTexture.m */; };
		AD6378121A2BC6D000E631CA /* black.png in Resources */ = {isa = PBXBuildFile; fileRef = AD6378111A2BC6D000E631CA /* black.png */; };
		AD63781A1A2C098500E631CA /* Matrix4.m in Sources */ = {isa = PBXBuildFile; fileRef = AD6378191A2C098500E631CA /* Matrix4.m */; };
		ADD7FDCD1A536841006536A6 /* MetalCameraView.swift in Sources */ = {isa = PBXBuildFile; fileRef = ADD7FDCC1A536841006536A6 /* MetalCameraView.swift */; };
		ADD7FDD11A549082006536A6 /* MetalEnvironmentController.swift in Sources */ = {isa = PBXBuildFile; fileRef = ADD7FDD01A549082006536A6 /* MetalEnvironmentController.swift */; };
		ADD9BDE91A56281000730237 /* Composite.metal in Sources */ = {isa = PBXBuildFile; fileRef = ADD9BDE81A56281000730237 /* Composite.metal */; };
		ADD9BDEB1A563E0200730237 /* RGBShift.metal in Sources */ = {isa = PBXBuildFile; fileRef = ADD9BDEA1A563E0200730237 /* RGBShift.metal */; };
		ADE918C61A6F89AA00BD5FE5 /* Guassian.metal in Sources */ = {isa = PBXBuildFile; fileRef = ADE918C51A6F89AA00BD5FE5 /* Guassian.metal */; };
/* End PBXBuildFile section */

/* Begin PBXContainerItemProxy section */
		AD1673EA1A27E33E0046F347 /* PBXContainerItemProxy */ = {
			isa = PBXContainerItemProxy;
			containerPortal = AD1673C91A27E33E0046F347 /* Project object */;
			proxyType = 1;
			remoteGlobalIDString = AD1673D01A27E33E0046F347;
			remoteInfo = iOSSwiftMetalCamera;
		};
/* End PBXContainerItemProxy section */

/* Begin PBXFileReference section */
		AD1673D11A27E33E0046F347 /* iOSSwiftMetalCamera.app */ = {isa = PBXFileReference; explicitFileType = wrapper.application; includeInIndex = 0; path = iOSSwiftMetalCamera.app; sourceTree = BUILT_PRODUCTS_DIR; };
		AD1673D51A27E33E0046F347 /* Info.plist */ = {isa = PBXFileReference; lastKnownFileType = text.plist.xml; path = Info.plist; sourceTree = "<group>"; };
		AD1673D61A27E33E0046F347 /* AppDelegate.swift */ = {isa = PBXFileReference; lastKnownFileType = sourcecode.swift; path = AppDelegate.swift; sourceTree = "<group>"; };
		AD1673D91A27E33E0046F347 /* iOSSwiftMetalCamera.xcdatamodel */ = {isa = PBXFileReference; lastKnownFileType = wrapper.xcdatamodel; path = iOSSwiftMetalCamera.xcdatamodel; sourceTree = "<group>"; };
		AD1673DB1A27E33E0046F347 /* CameraViewController.swift */ = {isa = PBXFileReference; lastKnownFileType = sourcecode.swift; path = CameraViewController.swift; sourceTree = "<group>"; };
		AD1673DE1A27E33E0046F347 /* Base */ = {isa = PBXFileReference; lastKnownFileType = file.storyboard; name = Base; path = Base.lproj/Main.storyboard; sourceTree = "<group>"; };
		AD1673E01A27E33E0046F347 /* Images.xcassets */ = {isa = PBXFileReference; lastKnownFileType = folder.assetcatalog; path = Images.xcassets; sourceTree = "<group>"; };
		AD1673E31A27E33E0046F347 /* Base */ = {isa = PBXFileReference; lastKnownFileType = file.xib; name = Base; path = Base.lproj/LaunchScreen.xib; sourceTree = "<group>"; };
		AD1673E91A27E33E0046F347 /* iOSSwiftMetalCameraTests.xctest */ = {isa = PBXFileReference; explicitFileType = wrapper.cfbundle; includeInIndex = 0; path = iOSSwiftMetalCameraTests.xctest; sourceTree = BUILT_PRODUCTS_DIR; };
		AD1673EE1A27E33E0046F347 /* Info.plist */ = {isa = PBXFileReference; lastKnownFileType = text.plist.xml; path = Info.plist; sourceTree = "<group>"; };
		AD1673EF1A27E33E0046F347 /* iOSSwiftMetalCameraTests.swift */ = {isa = PBXFileReference; lastKnownFileType = sourcecode.swift; path = iOSSwiftMetalCameraTests.swift; sourceTree = "<group>"; };
		AD1673FB1A27E50E0046F347 /* Vertex.swift */ = {isa = PBXFileReference; fileEncoding = 4; lastKnownFileType = sourcecode.swift; path = Vertex.swift; sourceTree = "<group>"; };
		AD1673FD1A27E5320046F347 /* Node.swift */ = {isa = PBXFileReference; fileEncoding = 4; lastKnownFileType = sourcecode.swift; path = Node.swift; sourceTree = "<group>"; };
		AD1673FF1A27E5450046F347 /* Plane.swift */ = {isa = PBXFileReference; fileEncoding = 4; lastKnownFileType = sourcecode.swift; path = Plane.swift; sourceTree = "<group>"; };
		AD1674011A27E59C0046F347 /* Basic.metal */ = {isa = PBXFileReference; fileEncoding = 4; lastKnownFileType = sourcecode.metal; path = Basic.metal; sourceTree = "<group>"; };
		AD1674031A27EAEB0046F347 /* CameraSessionController.swift */ = {isa = PBXFileReference; fileEncoding = 4; lastKnownFileType = sourcecode.swift; path = CameraSessionController.swift; sourceTree = "<group>"; };
		AD63780D1A2956DB00E631CA /* METLTexture.h */ = {isa = PBXFileReference; fileEncoding = 4; lastKnownFileType = sourcecode.c.h; path = METLTexture.h; sourceTree = "<group>"; };
		AD63780E1A2956DB00E631CA /* METLTexture.m */ = {isa = PBXFileReference; fileEncoding = 4; lastKnownFileType = sourcecode.c.objc; path = METLTexture.m; sourceTree = "<group>"; };
		AD6378101A29571500E631CA /* iOSSwiftMetalCamera-Bridging-Header.h */ = {isa = PBXFileReference; fileEncoding = 4; lastKnownFileType = sourcecode.c.h; path = "iOSSwiftMetalCamera-Bridging-Header.h"; sourceTree = SOURCE_ROOT; };
		AD6378111A2BC6D000E631CA /* black.png */ = {isa = PBXFileReference; lastKnownFileType = image.png; path = black.png; sourceTree = "<group>"; };
		AD6378181A2C097E00E631CA /* Matrix4.h */ = {isa = PBXFileReference; fileEncoding = 4; lastKnownFileType = sourcecode.c.h; path = Matrix4.h; sourceTree = "<group>"; };
		AD6378191A2C098500E631CA /* Matrix4.m */ = {isa = PBXFileReference; fileEncoding = 4; lastKnownFileType = sourcecode.c.objc; path = Matrix4.m; sourceTree = "<group>"; };
		ADD7FDCC1A536841006536A6 /* MetalCameraView.swift */ = {isa = PBXFileReference; fileEncoding = 4; lastKnownFileType = sourcecode.swift; path = MetalCameraView.swift; sourceTree = "<group>"; };
		ADD7FDD01A549082006536A6 /* MetalEnvironmentController.swift */ = {isa = PBXFileReference; fileEncoding = 4; lastKnownFileType = sourcecode.swift; path = MetalEnvironmentController.swift; sourceTree = "<group>"; };
		ADD9BDE81A56281000730237 /* Composite.metal */ = {isa = PBXFileReference; fileEncoding = 4; lastKnownFileType = sourcecode.metal; path = Composite.metal; sourceTree = "<group>"; };
		ADD9BDEA1A563E0200730237 /* RGBShift.metal */ = {isa = PBXFileReference; fileEncoding = 4; lastKnownFileType = sourcecode.metal; path = RGBShift.metal; sourceTree = "<group>"; };
		ADE918C51A6F89AA00BD5FE5 /* Guassian.metal */ = {isa = PBXFileReference; fileEncoding = 4; lastKnownFileType = sourcecode.metal; path = Guassian.metal; sourceTree = "<group>"; };
/* End PBXFileReference section */

/* Begin PBXFrameworksBuildPhase section */
		AD1673CE1A27E33E0046F347 /* Frameworks */ = {
			isa = PBXFrameworksBuildPhase;
			buildActionMask = 2147483647;
			files = (
			);
			runOnlyForDeploymentPostprocessing = 0;
		};
		AD1673E61A27E33E0046F347 /* Frameworks */ = {
			isa = PBXFrameworksBuildPhase;
			buildActionMask = 2147483647;
			files = (
			);
			runOnlyForDeploymentPostprocessing = 0;
		};
/* End PBXFrameworksBuildPhase section */

/* Begin PBXGroup section */
		AD1673C81A27E33E0046F347 = {
			isa = PBXGroup;
			children = (
				AD1673D31A27E33E0046F347 /* iOSSwiftMetalCamera */,
				AD1673EC1A27E33E0046F347 /* iOSSwiftMetalCameraTests */,
				AD1673D21A27E33E0046F347 /* Products */,
			);
			sourceTree = "<group>";
		};
		AD1673D21A27E33E0046F347 /* Products */ = {
			isa = PBXGroup;
			children = (
				AD1673D11A27E33E0046F347 /* iOSSwiftMetalCamera.app */,
				AD1673E91A27E33E0046F347 /* iOSSwiftMetalCameraTests.xctest */,
			);
			name = Products;
			sourceTree = "<group>";
		};
		AD1673D31A27E33E0046F347 /* iOSSwiftMetalCamera */ = {
			isa = PBXGroup;
			children = (
				AD1673D61A27E33E0046F347 /* AppDelegate.swift */,
				AD6378131A2BF5A400E631CA /* Support */,
				AD6378161A2BF5F200E631CA /* Views */,
				AD6378151A2BF5EA00E631CA /* Controllers */,
				AD1673E01A27E33E0046F347 /* Images.xcassets */,
				AD1673D81A27E33E0046F347 /* iOSSwiftMetalCamera.xcdatamodeld */,
				AD1673D41A27E33E0046F347 /* Supporting Files */,
			);
			path = iOSSwiftMetalCamera;
			sourceTree = "<group>";
		};
		AD1673D41A27E33E0046F347 /* Supporting Files */ = {
			isa = PBXGroup;
			children = (
				AD6378111A2BC6D000E631CA /* black.png */,
				AD6378101A29571500E631CA /* iOSSwiftMetalCamera-Bridging-Header.h */,
				AD1673D51A27E33E0046F347 /* Info.plist */,
			);
			name = "Supporting Files";
			sourceTree = "<group>";
		};
		AD1673EC1A27E33E0046F347 /* iOSSwiftMetalCameraTests */ = {
			isa = PBXGroup;
			children = (
				AD1673EF1A27E33E0046F347 /* iOSSwiftMetalCameraTests.swift */,
				AD1673ED1A27E33E0046F347 /* Supporting Files */,
			);
			path = iOSSwiftMetalCameraTests;
			sourceTree = "<group>";
		};
		AD1673ED1A27E33E0046F347 /* Supporting Files */ = {
			isa = PBXGroup;
			children = (
				AD1673EE1A27E33E0046F347 /* Info.plist */,
			);
			name = "Supporting Files";
			sourceTree = "<group>";
		};
		AD6378131A2BF5A400E631CA /* Support */ = {
			isa = PBXGroup;
			children = (
				ADD7FDCE1A548FA9006536A6 /* Metal */,
				AD6378171A2BF64100E631CA /* Camera */,
			);
			path = Support;
			sourceTree = "<group>";
		};
		AD6378141A2BF5B800E631CA /* Shaders */ = {
			isa = PBXGroup;
			children = (
				AD1674011A27E59C0046F347 /* Basic.metal */,
				ADD9BDEA1A563E0200730237 /* RGBShift.metal */,
				ADE918C51A6F89AA00BD5FE5 /* Guassian.metal */,
				ADD9BDE81A56281000730237 /* Composite.metal */,
			);
			path = Shaders;
			sourceTree = "<group>";
		};
		AD6378151A2BF5EA00E631CA /* Controllers */ = {
			isa = PBXGroup;
			children = (
				AD1673DB1A27E33E0046F347 /* CameraViewController.swift */,
			);
			path = Controllers;
			sourceTree = "<group>";
		};
		AD6378161A2BF5F200E631CA /* Views */ = {
			isa = PBXGroup;
			children = (
				AD1673E21A27E33E0046F347 /* LaunchScreen.xib */,
				AD1673DD1A27E33E0046F347 /* Main.storyboard */,
				ADD7FDCC1A536841006536A6 /* MetalCameraView.swift */,
			);
			path = Views;
			sourceTree = "<group>";
		};
		AD6378171A2BF64100E631CA /* Camera */ = {
			isa = PBXGroup;
			children = (
				AD1674031A27EAEB0046F347 /* CameraSessionController.swift */,
			);
			path = Camera;
			sourceTree = "<group>";
		};
		ADD7FDCE1A548FA9006536A6 /* Metal */ = {
			isa = PBXGroup;
			children = (
				AD6378191A2C098500E631CA /* Matrix4.m */,
				AD6378181A2C097E00E631CA /* Matrix4.h */,
				AD63780D1A2956DB00E631CA /* METLTexture.h */,
				AD63780E1A2956DB00E631CA /* METLTexture.m */,
				ADD7FDCF1A54901B006536A6 /* Forms */,
				AD6378141A2BF5B800E631CA /* Shaders */,
				ADD7FDD01A549082006536A6 /* MetalEnvironmentController.swift */,
			);
			path = Metal;
			sourceTree = "<group>";
		};
		ADD7FDCF1A54901B006536A6 /* Forms */ = {
			isa = PBXGroup;
			children = (
				AD1673FB1A27E50E0046F347 /* Vertex.swift */,
				AD1673FD1A27E5320046F347 /* Node.swift */,
				AD1673FF1A27E5450046F347 /* Plane.swift */,
			);
			path = Forms;
			sourceTree = "<group>";
		};
/* End PBXGroup section */

/* Begin PBXNativeTarget section */
		AD1673D01A27E33E0046F347 /* iOSSwiftMetalCamera */ = {
			isa = PBXNativeTarget;
			buildConfigurationList = AD1673F31A27E33E0046F347 /* Build configuration list for PBXNativeTarget "iOSSwiftMetalCamera" */;
			buildPhases = (
				AD1673CD1A27E33E0046F347 /* Sources */,
				AD1673CE1A27E33E0046F347 /* Frameworks */,
				AD1673CF1A27E33E0046F347 /* Resources */,
			);
			buildRules = (
			);
			dependencies = (
			);
			name = iOSSwiftMetalCamera;
			productName = iOSSwiftMetalCamera;
			productReference = AD1673D11A27E33E0046F347 /* iOSSwiftMetalCamera.app */;
			productType = "com.apple.product-type.application";
		};
		AD1673E81A27E33E0046F347 /* iOSSwiftMetalCameraTests */ = {
			isa = PBXNativeTarget;
			buildConfigurationList = AD1673F61A27E33E0046F347 /* Build configuration list for PBXNativeTarget "iOSSwiftMetalCameraTests" */;
			buildPhases = (
				AD1673E51A27E33E0046F347 /* Sources */,
				AD1673E61A27E33E0046F347 /* Frameworks */,
				AD1673E71A27E33E0046F347 /* Resources */,
			);
			buildRules = (
			);
			dependencies = (
				AD1673EB1A27E33E0046F347 /* PBXTargetDependency */,
			);
			name = iOSSwiftMetalCameraTests;
			productName = iOSSwiftMetalCameraTests;
			productReference = AD1673E91A27E33E0046F347 /* iOSSwiftMetalCameraTests.xctest */;
			productType = "com.apple.product-type.bundle.unit-test";
		};
/* End PBXNativeTarget section */

/* Begin PBXProject section */
		AD1673C91A27E33E0046F347 /* Project object */ = {
			isa = PBXProject;
			attributes = {
				LastUpgradeCheck = 0610;
				ORGANIZATIONNAME = "Bradley Griffith";
				TargetAttributes = {
					AD1673D01A27E33E0046F347 = {
						CreatedOnToolsVersion = 6.1;
					};
					AD1673E81A27E33E0046F347 = {
						CreatedOnToolsVersion = 6.1;
						TestTargetID = AD1673D01A27E33E0046F347;
					};
				};
			};
			buildConfigurationList = AD1673CC1A27E33E0046F347 /* Build configuration list for PBXProject "iOSSwiftMetalCamera" */;
			compatibilityVersion = "Xcode 3.2";
			developmentRegion = English;
			hasScannedForEncodings = 0;
			knownRegions = (
				en,
				Base,
			);
			mainGroup = AD1673C81A27E33E0046F347;
			productRefGroup = AD1673D21A27E33E0046F347 /* Products */;
			projectDirPath = "";
			projectRoot = "";
			targets = (
				AD1673D01A27E33E0046F347 /* iOSSwiftMetalCamera */,
				AD1673E81A27E33E0046F347 /* iOSSwiftMetalCameraTests */,
			);
		};
/* End PBXProject section */

/* Begin PBXResourcesBuildPhase section */
		AD1673CF1A27E33E0046F347 /* Resources */ = {
			isa = PBXResourcesBuildPhase;
			buildActionMask = 2147483647;
			files = (
				AD1673DF1A27E33E0046F347 /* Main.storyboard in Resources */,
				AD6378121A2BC6D000E631CA /* black.png in Resources */,
				AD1673E41A27E33E0046F347 /* LaunchScreen.xib in Resources */,
				AD1673E11A27E33E0046F347 /* Images.xcassets in Resources */,
			);
			runOnlyForDeploymentPostprocessing = 0;
		};
		AD1673E71A27E33E0046F347 /* Resources */ = {
			isa = PBXResourcesBuildPhase;
			buildActionMask = 2147483647;
			files = (
			);
			runOnlyForDeploymentPostprocessing = 0;
		};
/* End PBXResourcesBuildPhase section */

/* Begin PBXSourcesBuildPhase section */
		AD1673CD1A27E33E0046F347 /* Sources */ = {
			isa = PBXSourcesBuildPhase;
			buildActionMask = 2147483647;
			files = (
				AD1674021A27E59C0046F347 /* Basic.metal in Sources */,
				AD1673DC1A27E33E0046F347 /* CameraViewController.swift in Sources */,
				ADE918C61A6F89AA00BD5FE5 /* Guassian.metal in Sources */,
				AD1673DA1A27E33E0046F347 /* iOSSwiftMetalCamera.xcdatamodeld in Sources */,
				AD1673FE1A27E5320046F347 /* Node.swift in Sources */,
				ADD9BDE91A56281000730237 /* Composite.metal in Sources */,
				AD63780F1A2956DB00E631CA /* METLTexture.m in Sources */,
				AD1673FC1A27E50E0046F347 /* Vertex.swift in Sources */,
				ADD7FDCD1A536841006536A6 /* MetalCameraView.swift in Sources */,
				AD1673D71A27E33E0046F347 /* AppDelegate.swift in Sources */,
				ADD7FDD11A549082006536A6 /* MetalEnvironmentController.swift in Sources */,
				ADD9BDEB1A563E0200730237 /* RGBShift.metal in Sources */,
				AD1674041A27EAEB0046F347 /* CameraSessionController.swift in Sources */,
				AD63781A1A2C098500E631CA /* Matrix4.m in Sources */,
				AD1674001A27E5450046F347 /* Plane.swift in Sources */,
			);
			runOnlyForDeploymentPostprocessing = 0;
		};
		AD1673E51A27E33E0046F347 /* Sources */ = {
			isa = PBXSourcesBuildPhase;
			buildActionMask = 2147483647;
			files = (
				AD1673F01A27E33E0046F347 /* iOSSwiftMetalCameraTests.swift in Sources */,
			);
			runOnlyForDeploymentPostprocessing = 0;
		};
/* End PBXSourcesBuildPhase section */

/* Begin PBXTargetDependency section */
		AD1673EB1A27E33E0046F347 /* PBXTargetDependency */ = {
			isa = PBXTargetDependency;
			target = AD1673D01A27E33E0046F347 /* iOSSwiftMetalCamera */;
			targetProxy = AD1673EA1A27E33E0046F347 /* PBXContainerItemProxy */;
		};
/* End PBXTargetDependency section */

/* Begin PBXVariantGroup section */
		AD1673DD1A27E33E0046F347 /* Main.storyboard */ = {
			isa = PBXVariantGroup;
			children = (
				AD1673DE1A27E33E0046F347 /* Base */,
			);
			name = Main.storyboard;
			path = ..;
			sourceTree = "<group>";
		};
		AD1673E21A27E33E0046F347 /* LaunchScreen.xib */ = {
			isa = PBXVariantGroup;
			children = (
				AD1673E31A27E33E0046F347 /* Base */,
			);
			name = LaunchScreen.xib;
			path = ..;
			sourceTree = "<group>";
		};
/* End PBXVariantGroup section */

/* Begin XCBuildConfiguration section */
		AD1673F11A27E33E0046F347 /* Debug */ = {
			isa = XCBuildConfiguration;
			buildSettings = {
				ALWAYS_SEARCH_USER_PATHS = NO;
				CLANG_CXX_LANGUAGE_STANDARD = "gnu++0x";
				CLANG_CXX_LIBRARY = "libc++";
				CLANG_ENABLE_MODULES = YES;
				CLANG_ENABLE_OBJC_ARC = YES;
				CLANG_WARN_BOOL_CONVERSION = YES;
				CLANG_WARN_CONSTANT_CONVERSION = YES;
				CLANG_WARN_DIRECT_OBJC_ISA_USAGE = YES_ERROR;
				CLANG_WARN_EMPTY_BODY = YES;
				CLANG_WARN_ENUM_CONVERSION = YES;
				CLANG_WARN_INT_CONVERSION = YES;
				CLANG_WARN_OBJC_ROOT_CLASS = YES_ERROR;
				CLANG_WARN_UNREACHABLE_CODE = YES;
				CLANG_WARN__DUPLICATE_METHOD_MATCH = YES;
				"CODE_SIGN_IDENTITY[sdk=iphoneos*]" = "iPhone Developer";
				COPY_PHASE_STRIP = NO;
				ENABLE_STRICT_OBJC_MSGSEND = YES;
				GCC_C_LANGUAGE_STANDARD = gnu99;
				GCC_DYNAMIC_NO_PIC = NO;
				GCC_OPTIMIZATION_LEVEL = 0;
				GCC_PREPROCESSOR_DEFINITIONS = (
					"DEBUG=1",
					"$(inherited)",
				);
				GCC_SYMBOLS_PRIVATE_EXTERN = NO;
				GCC_WARN_64_TO_32_BIT_CONVERSION = YES;
				GCC_WARN_ABOUT_RETURN_TYPE = YES_ERROR;
				GCC_WARN_UNDECLARED_SELECTOR = YES;
				GCC_WARN_UNINITIALIZED_AUTOS = YES_AGGRESSIVE;
				GCC_WARN_UNUSED_FUNCTION = YES;
				GCC_WARN_UNUSED_VARIABLE = YES;
				IPHONEOS_DEPLOYMENT_TARGET = 8.1;
				MTL_ENABLE_DEBUG_INFO = YES;
				ONLY_ACTIVE_ARCH = YES;
				SDKROOT = iphoneos;
				SWIFT_OPTIMIZATION_LEVEL = "-Onone";
				TARGETED_DEVICE_FAMILY = 2;
			};
			name = Debug;
		};
		AD1673F21A27E33E0046F347 /* Release */ = {
			isa = XCBuildConfiguration;
			buildSettings = {
				ALWAYS_SEARCH_USER_PATHS = NO;
				CLANG_CXX_LANGUAGE_STANDARD = "gnu++0x";
				CLANG_CXX_LIBRARY = "libc++";
				CLANG_ENABLE_MODULES = YES;
				CLANG_ENABLE_OBJC_ARC = YES;
				CLANG_WARN_BOOL_CONVERSION = YES;
				CLANG_WARN_CONSTANT_CONVERSION = YES;
				CLANG_WARN_DIRECT_OBJC_ISA_USAGE = YES_ERROR;
				CLANG_WARN_EMPTY_BODY = YES;
				CLANG_WARN_ENUM_CONVERSION = YES;
				CLANG_WARN_INT_CONVERSION = YES;
				CLANG_WARN_OBJC_ROOT_CLASS = YES_ERROR;
				CLANG_WARN_UNREACHABLE_CODE = YES;
				CLANG_WARN__DUPLICATE_METHOD_MATCH = YES;
				"CODE_SIGN_IDENTITY[sdk=iphoneos*]" = "iPhone Developer";
				COPY_PHASE_STRIP = YES;
				ENABLE_NS_ASSERTIONS = NO;
				ENABLE_STRICT_OBJC_MSGSEND = YES;
				GCC_C_LANGUAGE_STANDARD = gnu99;
				GCC_WARN_64_TO_32_BIT_CONVERSION = YES;
				GCC_WARN_ABOUT_RETURN_TYPE = YES_ERROR;
				GCC_WARN_UNDECLARED_SELECTOR = YES;
				GCC_WARN_UNINITIALIZED_AUTOS = YES_AGGRESSIVE;
				GCC_WARN_UNUSED_FUNCTION = YES;
				GCC_WARN_UNUSED_VARIABLE = YES;
				IPHONEOS_DEPLOYMENT_TARGET = 8.1;
				MTL_ENABLE_DEBUG_INFO = NO;
				SDKROOT = iphoneos;
				TARGETED_DEVICE_FAMILY = 2;
				VALIDATE_PRODUCT = YES;
			};
			name = Release;
		};
		AD1673F41A27E33E0046F347 /* Debug */ = {
			isa = XCBuildConfiguration;
			buildSettings = {
				ASSETCATALOG_COMPILER_APPICON_NAME = AppIcon;
				INFOPLIST_FILE = iOSSwiftMetalCamera/Info.plist;
				LD_RUNPATH_SEARCH_PATHS = "$(inherited) @executable_path/Frameworks";
				PRODUCT_NAME = "$(TARGET_NAME)";
				SWIFT_OBJC_BRIDGING_HEADER = "iOSSwiftMetalCamera-Bridging-Header.h";
			};
			name = Debug;
		};
		AD1673F51A27E33E0046F347 /* Release */ = {
			isa = XCBuildConfiguration;
			buildSettings = {
				ASSETCATALOG_COMPILER_APPICON_NAME = AppIcon;
				INFOPLIST_FILE = iOSSwiftMetalCamera/Info.plist;
				LD_RUNPATH_SEARCH_PATHS = "$(inherited) @executable_path/Frameworks";
				PRODUCT_NAME = "$(TARGET_NAME)";
				SWIFT_OBJC_BRIDGING_HEADER = "iOSSwiftMetalCamera-Bridging-Header.h";
			};
			name = Release;
		};
		AD1673F71A27E33E0046F347 /* Debug */ = {
			isa = XCBuildConfiguration;
			buildSettings = {
				BUNDLE_LOADER = "$(TEST_HOST)";
				FRAMEWORK_SEARCH_PATHS = (
					"$(SDKROOT)/Developer/Library/Frameworks",
					"$(inherited)",
				);
				GCC_PREPROCESSOR_DEFINITIONS = (
					"DEBUG=1",
					"$(inherited)",
				);
				INFOPLIST_FILE = iOSSwiftMetalCameraTests/Info.plist;
				LD_RUNPATH_SEARCH_PATHS = "$(inherited) @executable_path/Frameworks @loader_path/Frameworks";
				PRODUCT_NAME = "$(TARGET_NAME)";
				TEST_HOST = "$(BUILT_PRODUCTS_DIR)/iOSSwiftMetalCamera.app/iOSSwiftMetalCamera";
			};
			name = Debug;
		};
		AD1673F81A27E33E0046F347 /* Release */ = {
			isa = XCBuildConfiguration;
			buildSettings = {
				BUNDLE_LOADER = "$(TEST_HOST)";
				FRAMEWORK_SEARCH_PATHS = (
					"$(SDKROOT)/Developer/Library/Frameworks",
					"$(inherited)",
				);
				INFOPLIST_FILE = iOSSwiftMetalCameraTests/Info.plist;
				LD_RUNPATH_SEARCH_PATHS = "$(inherited) @executable_path/Frameworks @loader_path/Frameworks";
				PRODUCT_NAME = "$(TARGET_NAME)";
				TEST_HOST = "$(BUILT_PRODUCTS_DIR)/iOSSwiftMetalCamera.app/iOSSwiftMetalCamera";
			};
			name = Release;
		};
/* End XCBuildConfiguration section */

/* Begin XCConfigurationList section */
		AD1673CC1A27E33E0046F347 /* Build configuration list for PBXProject "iOSSwiftMetalCamera" */ = {
			isa = XCConfigurationList;
			buildConfigurations = (
				AD1673F11A27E33E0046F347 /* Debug */,
				AD1673F21A27E33E0046F347 /* Release */,
			);
			defaultConfigurationIsVisible = 0;
			defaultConfigurationName = Release;
		};
		AD1673F31A27E33E0046F347 /* Build configuration list for PBXNativeTarget "iOSSwiftMetalCamera" */ = {
			isa = XCConfigurationList;
			buildConfigurations = (
				AD1673F41A27E33E0046F347 /* Debug */,
				AD1673F51A27E33E0046F347 /* Release */,
			);
			defaultConfigurationIsVisible = 0;
			defaultConfigurationName = Release;
		};
		AD1673F61A27E33E0046F347 /* Build configuration list for PBXNativeTarget "iOSSwiftMetalCameraTests" */ = {
			isa = XCConfigurationList;
			buildConfigurations = (
				AD1673F71A27E33E0046F347 /* Debug */,
				AD1673F81A27E33E0046F347 /* Release */,
			);
			defaultConfigurationIsVisible = 0;
			defaultConfigurationName = Release;
		};
/* End XCConfigurationList section */

/* Begin XCVersionGroup section */
		AD1673D81A27E33E0046F347 /* iOSSwiftMetalCamera.xcdatamodeld */ = {
			isa = XCVersionGroup;
			children = (
				AD1673D91A27E33E0046F347 /* iOSSwiftMetalCamera.xcdatamodel */,
			);
			currentVersion = AD1673D91A27E33E0046F347 /* iOSSwiftMetalCamera.xcdatamodel */;
			path = iOSSwiftMetalCamera.xcdatamodeld;
			sourceTree = "<group>";
			versionGroupType = wrapper.xcdatamodel;
		};
/* End XCVersionGroup section */
	};
	rootObject = AD1673C91A27E33E0046F347 /* Project object */;
}
